
Microsoft Visual Studio Solution File, Format Version 12.00
# Visual Studio 15
VisualStudioVersion = 15.0.28010.2036
MinimumVisualStudioVersion = 10.0.40219.1
Project("{8BC9CEB8-8B4A-11D0-8D11-00A0C91BC942}") = "ConsoleApplication1", "ConsoleApplication1\ConsoleApplication1.vcxproj", "{3DF63A33-31E5-4794-A1B9-592BDBC922E6}"
EndProject
Global
	GlobalSection(SolutionConfigurationPlatforms) = preSolution
		Debug|x64 = Debug|x64
		Debug|x86 = Debug|x86
		Release|x64 = Release|x64
		Release|x86 = Release|x86
	EndGlobalSection
	GlobalSection(ProjectConfigurationPlatforms) = postSolution
		{3DF63A33-31E5-4794-A1B9-592BDBC922E6}.Debug|x64.ActiveCfg = Debug|x64
		{3DF63A33-31E5-4794-A1B9-592BDBC922E6}.Debug|x64.Build.0 = Debug|x64
		{3DF63A33-31E5-4794-A1B9-592BDBC922E6}.Debug|x86.ActiveCfg = Debug|Win32
		{3DF63A33-31E5-4794-A1B9-592BDBC922E6}.Debug|x86.Build.0 = Debug|Win32
		{3DF63A33-31E5-4794-A1B9-592BDBC922E6}.Release|x64.ActiveCfg = Release|x64
		{3DF63A33-31E5-4794-A1B9-592BDBC922E6}.Release|x64.Build.0 = Release|x64
		{3DF63A33-31E5-4794-A1B9-592BDBC922E6}.Release|x86.ActiveCfg = Release|Win32
		{3DF63A33-31E5-4794-A1B9-592BDBC922E6}.Release|x86.Build.0 = Release|Win32
	EndGlobalSection
	GlobalSection(SolutionProperties) = preSolution
		HideSolutionNode = FALSE
	EndGlobalSection
	GlobalSection(ExtensibilityGlobals) = postSolution
		SolutionGuid = {E361C5CB-0492-4A18-AB9D-514093E9443D}
	EndGlobalSection
EndGlobal
